
Microsoft Visual Studio Solution File, Format Version 12.00
# Visual Studio 15
VisualStudioVersion = 15.0.27703.2026
MinimumVisualStudioVersion = 10.0.40219.1
Project("{FAE04EC0-301F-11D3-BF4B-00C04F79EFBC}") = "DSR-TPUP", "DSR-TPUP\DSR-TPUP.csproj", "{488B4409-FEEC-4C27-8CDA-F258F96586B3}"
EndProject
Global
	GlobalSection(SolutionConfigurationPlatforms) = preSolution
		Debug|x64 = Debug|x64
		Release|x64 = Release|x64
	EndGlobalSection
	GlobalSection(ProjectConfigurationPlatforms) = postSolution
		{488B4409-FEEC-4C27-8CDA-F258F96586B3}.Debug|x64.ActiveCfg = Debug|x64
		{488B4409-FEEC-4C27-8CDA-F258F96586B3}.Debug|x64.Build.0 = Debug|x64
		{488B4409-FEEC-4C27-8CDA-F258F96586B3}.Release|x64.ActiveCfg = Release|x64
		{488B4409-FEEC-4C27-8CDA-F258F96586B3}.Release|x64.Build.0 = Release|x64
	EndGlobalSection
	GlobalSection(SolutionProperties) = preSolution
		HideSolutionNode = FALSE
	EndGlobalSection
	GlobalSection(ExtensibilityGlobals) = postSolution
		SolutionGuid = {FFB34BBF-EF7B-4788-89C0-3D409A097EDF}
	EndGlobalSection
EndGlobal
